// !$*UTF8*$!
{
	archiveVersion = 1;
	classes = {
	};
	objectVersion = 50;
	objects = {

/* Begin PBXBuildFile section */
		60F7738D24D8B0CA00B40F8E /* AppDelegate.swift in Sources */ = {isa = PBXBuildFile; fileRef = 60F7738C24D8B0CA00B40F8E /* AppDelegate.swift */; };
		60F7738F24D8B0CA00B40F8E /* SceneDelegate.swift in Sources */ = {isa = PBXBuildFile; fileRef = 60F7738E24D8B0CA00B40F8E /* SceneDelegate.swift */; };
		60F7739124D8B0CA00B40F8E /* ViewController.swift in Sources */ = {isa = PBXBuildFile; fileRef = 60F7739024D8B0CA00B40F8E /* ViewController.swift */; };
		60F7739424D8B0CA00B40F8E /* Main.storyboard in Resources */ = {isa = PBXBuildFile; fileRef = 60F7739224D8B0CA00B40F8E /* Main.storyboard */; };
		60F7739624D8B0CD00B40F8E /* Assets.xcassets in Resources */ = {isa = PBXBuildFile; fileRef = 60F7739524D8B0CD00B40F8E /* Assets.xcassets */; };
		60F7739924D8B0CD00B40F8E /* LaunchScreen.storyboard in Resources */ = {isa = PBXBuildFile; fileRef = 60F7739724D8B0CD00B40F8E /* LaunchScreen.storyboard */; };
		60F773A124D8F7F200B40F8E /* convertingCurrencyTextFileId.swift in Sources */ = {isa = PBXBuildFile; fileRef = 60F773A024D8F7F200B40F8E /* convertingCurrencyTextFileId.swift */; };
		60F773A724D8FBA500B40F8E /* convertCurrencyTextField.swift in Sources */ = {isa = PBXBuildFile; fileRef = 60F773A624D8FBA500B40F8E /* convertCurrencyTextField.swift */; };
/* End PBXBuildFile section */

/* Begin PBXFileReference section */
		60F7738924D8B0CA00B40F8E /* conversionofexchange.app */ = {isa = PBXFileReference; explicitFileType = wrapper.application; includeInIndex = 0; path = conversionofexchange.app; sourceTree = BUILT_PRODUCTS_DIR; };
		60F7738C24D8B0CA00B40F8E /* AppDelegate.swift */ = {isa = PBXFileReference; lastKnownFileType = sourcecode.swift; path = AppDelegate.swift; sourceTree = "<group>"; };
		60F7738E24D8B0CA00B40F8E /* SceneDelegate.swift */ = {isa = PBXFileReference; lastKnownFileType = sourcecode.swift; path = SceneDelegate.swift; sourceTree = "<group>"; };
		60F7739024D8B0CA00B40F8E /* ViewController.swift */ = {isa = PBXFileReference; lastKnownFileType = sourcecode.swift; path = ViewController.swift; sourceTree = "<group>"; };
		60F7739324D8B0CA00B40F8E /* Base */ = {isa = PBXFileReference; lastKnownFileType = file.storyboard; name = Base; path = Base.lproj/Main.storyboard; sourceTree = "<group>"; };
		60F7739524D8B0CD00B40F8E /* Assets.xcassets */ = {isa = PBXFileReference; lastKnownFileType = folder.assetcatalog; path = Assets.xcassets; sourceTree = "<group>"; };
		60F7739824D8B0CD00B40F8E /* Base */ = {isa = PBXFileReference; lastKnownFileType = file.storyboard; name = Base; path = Base.lproj/LaunchScreen.storyboard; sourceTree = "<group>"; };
		60F7739A24D8B0CD00B40F8E /* Info.plist */ = {isa = PBXFileReference; lastKnownFileType = text.plist.xml; path = Info.plist; sourceTree = "<group>"; };
		60F773A024D8F7F200B40F8E /* convertingCurrencyTextFileId.swift */ = {isa = PBXFileReference; lastKnownFileType = sourcecode.swift; path = convertingCurrencyTextFileId.swift; sourceTree = "<group>"; };
		60F773A624D8FBA500B40F8E /* convertCurrencyTextField.swift */ = {isa = PBXFileReference; lastKnownFileType = sourcecode.swift; path = convertCurrencyTextField.swift; sourceTree = "<group>"; };
/* End PBXFileReference section */

/* Begin PBXFrameworksBuildPhase section */
		60F7738624D8B0CA00B40F8E /* Frameworks */ = {
			isa = PBXFrameworksBuildPhase;
			buildActionMask = 2147483647;
			files = (
			);
			runOnlyForDeploymentPostprocessing = 0;
		};
/* End PBXFrameworksBuildPhase section */

/* Begin PBXGroup section */
		60F7738024D8B0CA00B40F8E = {
			isa = PBXGroup;
			children = (
				60F773A524D8FB3E00B40F8E /* Supporting Files */,
				60F7738B24D8B0CA00B40F8E /* conversionofexchange */,
				60F7738A24D8B0CA00B40F8E /* Products */,
			);
			sourceTree = "<group>";
		};
		60F7738A24D8B0CA00B40F8E /* Products */ = {
			isa = PBXGroup;
			children = (
				60F7738924D8B0CA00B40F8E /* conversionofexchange.app */,
			);
			name = Products;
			sourceTree = "<group>";
		};
		60F7738B24D8B0CA00B40F8E /* conversionofexchange */ = {
			isa = PBXGroup;
			children = (
				60F7738C24D8B0CA00B40F8E /* AppDelegate.swift */,
				60F7738E24D8B0CA00B40F8E /* SceneDelegate.swift */,
				60F7739024D8B0CA00B40F8E /* ViewController.swift */,
				60F773A024D8F7F200B40F8E /* convertingCurrencyTextFileId.swift */,
				60F7739224D8B0CA00B40F8E /* Main.storyboard */,
				60F7739524D8B0CD00B40F8E /* Assets.xcassets */,
				60F7739724D8B0CD00B40F8E /* LaunchScreen.storyboard */,
				60F7739A24D8B0CD00B40F8E /* Info.plist */,
			);
			path = conversionofexchange;
			sourceTree = "<group>";
		};
		60F773A524D8FB3E00B40F8E /* Supporting Files */ = {
			isa = PBXGroup;
			children = (
				60F773A624D8FBA500B40F8E /* convertCurrencyTextField.swift */,
			);
			path = "Supporting Files";
			sourceTree = "<group>";
		};
/* End PBXGroup section */

/* Begin PBXNativeTarget section */
		60F7738824D8B0CA00B40F8E /* conversionofexchange */ = {
			isa = PBXNativeTarget;
			buildConfigurationList = 60F7739D24D8B0CD00B40F8E /* Build configuration list for PBXNativeTarget "conversionofexchange" */;
			buildPhases = (
				60F7738524D8B0CA00B40F8E /* Sources */,
				60F7738624D8B0CA00B40F8E /* Frameworks */,
				60F7738724D8B0CA00B40F8E /* Resources */,
			);
			buildRules = (
			);
			dependencies = (
			);
			name = conversionofexchange;
			productName = conversionofexchange;
			productReference = 60F7738924D8B0CA00B40F8E /* conversionofexchange.app */;
			productType = "com.apple.product-type.application";
		};
/* End PBXNativeTarget section */

/* Begin PBXProject section */
		60F7738124D8B0CA00B40F8E /* Project object */ = {
			isa = PBXProject;
			attributes = {
				LastSwiftUpdateCheck = 1160;
				LastUpgradeCheck = 1160;
				ORGANIZATIONNAME = caye;
				TargetAttributes = {
					60F7738824D8B0CA00B40F8E = {
						CreatedOnToolsVersion = 11.6;
					};
				};
			};
			buildConfigurationList = 60F7738424D8B0CA00B40F8E /* Build configuration list for PBXProject "conversionofexchange" */;
			compatibilityVersion = "Xcode 9.3";
			developmentRegion = en;
			hasScannedForEncodings = 0;
			knownRegions = (
				en,
				Base,
			);
			mainGroup = 60F7738024D8B0CA00B40F8E;
			productRefGroup = 60F7738A24D8B0CA00B40F8E /* Products */;
			projectDirPath = "";
			projectRoot = "";
			targets = (
				60F7738824D8B0CA00B40F8E /* conversionofexchange */,
			);
		};
/* End PBXProject section */

/* Begin PBXResourcesBuildPhase section */
		60F7738724D8B0CA00B40F8E /* Resources */ = {
			isa = PBXResourcesBuildPhase;
			buildActionMask = 2147483647;
			files = (
				60F7739924D8B0CD00B40F8E /* LaunchScreen.storyboard in Resources */,
				60F7739624D8B0CD00B40F8E /* Assets.xcassets in Resources */,
				60F7739424D8B0CA00B40F8E /* Main.storyboard in Resources */,
			);
			runOnlyForDeploymentPostprocessing = 0;
		};
/* End PBXResourcesBuildPhase section */

/* Begin PBXSourcesBuildPhase section */
		60F7738524D8B0CA00B40F8E /* Sources */ = {
			isa = PBXSourcesBuildPhase;
			buildActionMask = 2147483647;
			files = (
				60F7739124D8B0CA00B40F8E /* ViewController.swift in Sources */,
				60F773A124D8F7F200B40F8E /* convertingCurrencyTextFileId.swift in Sources */,
				60F773A724D8FBA500B40F8E /* convertCurrencyTextField.swift in Sources */,
				60F7738D24D8B0CA00B40F8E /* AppDelegate.swift in Sources */,
				60F7738F24D8B0CA00B40F8E /* SceneDelegate.swift in Sources */,
			);
			runOnlyForDeploymentPostprocessing = 0;
		};
/* End PBXSourcesBuildPhase section */

/* Begin PBXVariantGroup section */
		60F7739224D8B0CA00B40F8E /* Main.storyboard */ = {
			isa = PBXVariantGroup;
			children = (
				60F7739324D8B0CA00B40F8E /* Base */,
			);
			name = Main.storyboard;
			sourceTree = "<group>";
		};
		60F7739724D8B0CD00B40F8E /* LaunchScreen.storyboard */ = {
			isa = PBXVariantGroup;
			children = (
				60F7739824D8B0CD00B40F8E /* Base */,
			);
			name = LaunchScreen.storyboard;
			sourceTree = "<group>";
		};
/* End PBXVariantGroup section */

/* Begin XCBuildConfiguration section */
		60F7739B24D8B0CD00B40F8E /* Debug */ = {
			isa = XCBuildConfiguration;
			buildSettings = {
				ALWAYS_SEARCH_USER_PATHS = NO;
				CLANG_ANALYZER_NONNULL = YES;
				CLANG_ANALYZER_NUMBER_OBJECT_CONVERSION = YES_AGGRESSIVE;
				CLANG_CXX_LANGUAGE_STANDARD = "gnu++14";
				CLANG_CXX_LIBRARY = "libc++";
				CLANG_ENABLE_MODULES = YES;
				CLANG_ENABLE_OBJC_ARC = YES;
				CLANG_ENABLE_OBJC_WEAK = YES;
				CLANG_WARN_BLOCK_CAPTURE_AUTORELEASING = YES;
				CLANG_WARN_BOOL_CONVERSION = YES;
				CLANG_WARN_COMMA = YES;
				CLANG_WARN_CONSTANT_CONVERSION = YES;
				CLANG_WARN_DEPRECATED_OBJC_IMPLEMENTATIONS = YES;
				CLANG_WARN_DIRECT_OBJC_ISA_USAGE = YES_ERROR;
				CLANG_WARN_DOCUMENTATION_COMMENTS = YES;
				CLANG_WARN_EMPTY_BODY = YES;
				CLANG_WARN_ENUM_CONVERSION = YES;
				CLANG_WARN_INFINITE_RECURSION = YES;
				CLANG_WARN_INT_CONVERSION = YES;
				CLANG_WARN_NON_LITERAL_NULL_CONVERSION = YES;
				CLANG_WARN_OBJC_IMPLICIT_RETAIN_SELF = YES;
				CLANG_WARN_OBJC_LITERAL_CONVERSION = YES;
				CLANG_WARN_OBJC_ROOT_CLASS = YES_ERROR;
				CLANG_WARN_RANGE_LOOP_ANALYSIS = YES;
				CLANG_WARN_STRICT_PROTOTYPES = YES;
				CLANG_WARN_SUSPICIOUS_MOVE = YES;
				CLANG_WARN_UNGUARDED_AVAILABILITY = YES_AGGRESSIVE;
				CLANG_WARN_UNREACHABLE_CODE = YES;
				CLANG_WARN__DUPLICATE_METHOD_MATCH = YES;
				COPY_PHASE_STRIP = NO;
				DEBUG_INFORMATION_FORMAT = dwarf;
				ENABLE_STRICT_OBJC_MSGSEND = YES;
				ENABLE_TESTABILITY = YES;
				GCC_C_LANGUAGE_STANDARD = gnu11;
				GCC_DYNAMIC_NO_PIC = NO;
				GCC_NO_COMMON_BLOCKS = YES;
				GCC_OPTIMIZATION_LEVEL = 0;
				GCC_PREPROCESSOR_DEFINITIONS = (
					"DEBUG=1",
					"$(inherited)",
				);
				GCC_WARN_64_TO_32_BIT_CONVERSION = YES;
				GCC_WARN_ABOUT_RETURN_TYPE = YES_ERROR;
				GCC_WARN_UNDECLARED_SELECTOR = YES;
				GCC_WARN_UNINITIALIZED_AUTOS = YES_AGGRESSIVE;
				GCC_WARN_UNUSED_FUNCTION = YES;
				GCC_WARN_UNUSED_VARIABLE = YES;
				IPHONEOS_DEPLOYMENT_TARGET = 13.6;
				MTL_ENABLE_DEBUG_INFO = INCLUDE_SOURCE;
				MTL_FAST_MATH = YES;
				ONLY_ACTIVE_ARCH = YES;
				SDKROOT = iphoneos;
				SWIFT_ACTIVE_COMPILATION_CONDITIONS = DEBUG;
				SWIFT_OPTIMIZATION_LEVEL = "-Onone";
			};
			name = Debug;
		};
		60F7739C24D8B0CD00B40F8E /* Release */ = {
			isa = XCBuildConfiguration;
			buildSettings = {
				ALWAYS_SEARCH_USER_PATHS = NO;
				CLANG_ANALYZER_NONNULL = YES;
				CLANG_ANALYZER_NUMBER_OBJECT_CONVERSION = YES_AGGRESSIVE;
				CLANG_CXX_LANGUAGE_STANDARD = "gnu++14";
				CLANG_CXX_LIBRARY = "libc++";
				CLANG_ENABLE_MODULES = YES;
				CLANG_ENABLE_OBJC_ARC = YES;
				CLANG_ENABLE_OBJC_WEAK = YES;
				CLANG_WARN_BLOCK_CAPTURE_AUTORELEASING = YES;
				CLANG_WARN_BOOL_CONVERSION = YES;
				CLANG_WARN_COMMA = YES;
				CLANG_WARN_CONSTANT_CONVERSION = YES;
				CLANG_WARN_DEPRECATED_OBJC_IMPLEMENTATIONS = YES;
				CLANG_WARN_DIRECT_OBJC_ISA_USAGE = YES_ERROR;
				CLANG_WARN_DOCUMENTATION_COMMENTS = YES;
				CLANG_WARN_EMPTY_BODY = YES;
				CLANG_WARN_ENUM_CONVERSION = YES;
				CLANG_WARN_INFINITE_RECURSION = YES;
				CLANG_WARN_INT_CONVERSION = YES;
				CLANG_WARN_NON_LITERAL_NULL_CONVERSION = YES;
				CLANG_WARN_OBJC_IMPLICIT_RETAIN_SELF = YES;
				CLANG_WARN_OBJC_LITERAL_CONVERSION = YES;
				CLANG_WARN_OBJC_ROOT_CLASS = YES_ERROR;
				CLANG_WARN_RANGE_LOOP_ANALYSIS = YES;
				CLANG_WARN_STRICT_PROTOTYPES = YES;
				CLANG_WARN_SUSPICIOUS_MOVE = YES;
				CLANG_WARN_UNGUARDED_AVAILABILITY = YES_AGGRESSIVE;
				CLANG_WARN_UNREACHABLE_CODE = YES;
				CLANG_WARN__DUPLICATE_METHOD_MATCH = YES;
				COPY_PHASE_STRIP = NO;
				DEBUG_INFORMATION_FORMAT = "dwarf-with-dsym";
				ENABLE_NS_ASSERTIONS = NO;
				ENABLE_STRICT_OBJC_MSGSEND = YES;
				GCC_C_LANGUAGE_STANDARD = gnu11;
				GCC_NO_COMMON_BLOCKS = YES;
				GCC_WARN_64_TO_32_BIT_CONVERSION = YES;
				GCC_WARN_ABOUT_RETURN_TYPE = YES_ERROR;
				GCC_WARN_UNDECLARED_SELECTOR = YES;
				GCC_WARN_UNINITIALIZED_AUTOS = YES_AGGRESSIVE;
				GCC_WARN_UNUSED_FUNCTION = YES;
				GCC_WARN_UNUSED_VARIABLE = YES;
				IPHONEOS_DEPLOYMENT_TARGET = 13.6;
				MTL_ENABLE_DEBUG_INFO = NO;
				MTL_FAST_MATH = YES;
				SDKROOT = iphoneos;
				SWIFT_COMPILATION_MODE = wholemodule;
				SWIFT_OPTIMIZATION_LEVEL = "-O";
				VALIDATE_PRODUCT = YES;
			};
			name = Release;
		};
		60F7739E24D8B0CD00B40F8E /* Debug */ = {
			isa = XCBuildConfiguration;
			buildSettings = {
				ASSETCATALOG_COMPILER_APPICON_NAME = AppIcon;
				CODE_SIGN_STYLE = Automatic;
				DEVELOPMENT_TEAM = 3PMC3YXG63;
				INFOPLIST_FILE = conversionofexchange/Info.plist;
				LD_RUNPATH_SEARCH_PATHS = (
					"$(inherited)",
					"@executable_path/Frameworks",
				);
				PRODUCT_BUNDLE_IDENTIFIER = com.caye.conversionofexchange;
				PRODUCT_NAME = "$(TARGET_NAME)";
				SWIFT_VERSION = 5.0;
				TARGETED_DEVICE_FAMILY = "1,2";
			};
			name = Debug;
		};
		60F7739F24D8B0CD00B40F8E /* Release */ = {
			isa = XCBuildConfiguration;
			buildSettings = {
				ASSETCATALOG_COMPILER_APPICON_NAME = AppIcon;
				CODE_SIGN_STYLE = Automatic;
				DEVELOPMENT_TEAM = 3PMC3YXG63;
				INFOPLIST_FILE = conversionofexchange/Info.plist;
				LD_RUNPATH_SEARCH_PATHS = (
					"$(inherited)",
					"@executable_path/Frameworks",
				);
				PRODUCT_BUNDLE_IDENTIFIER = com.caye.conversionofexchange;
				PRODUCT_NAME = "$(TARGET_NAME)";
				SWIFT_VERSION = 5.0;
				TARGETED_DEVICE_FAMILY = "1,2";
			};
			name = Release;
		};
/* End XCBuildConfiguration section */

/* Begin XCConfigurationList section */
		60F7738424D8B0CA00B40F8E /* Build configuration list for PBXProject "conversionofexchange" */ = {
			isa = XCConfigurationList;
			buildConfigurations = (
				60F7739B24D8B0CD00B40F8E /* Debug */,
				60F7739C24D8B0CD00B40F8E /* Release */,
			);
			defaultConfigurationIsVisible = 0;
			defaultConfigurationName = Release;
		};
		60F7739D24D8B0CD00B40F8E /* Build configuration list for PBXNativeTarget "conversionofexchange" */ = {
			isa = XCConfigurationList;
			buildConfigurations = (
				60F7739E24D8B0CD00B40F8E /* Debug */,
				60F7739F24D8B0CD00B40F8E /* Release */,
			);
			defaultConfigurationIsVisible = 0;
			defaultConfigurationName = Release;
		};
/* End XCConfigurationList section */
	};
	rootObject = 60F7738124D8B0CA00B40F8E /* Project object */;
}
